PODS:
  - Flutter (1.0.0)
  - sensors_analytics_flutter_plugin (1.0.5):
    - Flutter
    - SensorsAnalyticsSDK
  - SensorsAnalyticsSDK (2.2.4):
    - SensorsAnalyticsSDK/Core (= 2.2.4)
  - SensorsAnalyticsSDK/Core (2.2.4)

DEPENDENCIES:
  - Flutter (from `Flutter`)
  - sensors_analytics_flutter_plugin (from `.symlinks/plugins/sensors_analytics_flutter_plugin/ios`)

SPEC REPOS:
  trunk:
    - SensorsAnalyticsSDK

EXTERNAL SOURCES:
  Flutter:
    :path: Flutter
  sensors_analytics_flutter_plugin:
    :path: ".symlinks/plugins/sensors_analytics_flutter_plugin/ios"

SPEC CHECKSUMS:
  Flutter: 0e3d915762c693b495b44d77113d4970485de6ec
  sensors_analytics_flutter_plugin: 28c92a16312453a6834eda00ee94d27a5406adf1
  SensorsAnalyticsSDK: d898a6b6427dc842fa8c54c4cfb17dcc8a7e2220

PODFILE CHECKSUM: 8e679eca47255a8ca8067c4c67aab20e64cb974d

COCOAPODS: 1.9.3
