PODS:
  - Flutter (1.0.0)
  - sensors_analytics_flutter_plugin (2.0.4):
    - Flutter
    - SensorsAnalyticsSDK (>= 4.0.0)
  - SensorsAnalyticsSDK (4.3.4):
    - SensorsAnalyticsSDK/Core (= 4.3.4)
  - SensorsAnalyticsSDK/__Store (4.3.4)
  - SensorsAnalyticsSDK/AutoTrack (4.3.4):
    - SensorsAnalyticsSDK/Common
  - SensorsAnalyticsSDK/Base (4.3.4):
    - SensorsAnalyticsSDK/__Store
  - SensorsAnalyticsSDK/Common (4.3.4):
    - SensorsAnalyticsSDK/Extension
  - SensorsAnalyticsSDK/Core (4.3.4):
    - SensorsAnalyticsSDK/Common
    - SensorsAnalyticsSDK/Visualized
  - SensorsAnalyticsSDK/Extension (4.3.4):
    - SensorsAnalyticsSDK/Base
  - SensorsAnalyticsSDK/Visualized (4.3.4):
    - SensorsAnalyticsSDK/AutoTrack

DEPENDENCIES:
  - Flutter (from `Flutter`)
  - sensors_analytics_flutter_plugin (from `.symlinks/plugins/sensors_analytics_flutter_plugin/ios`)

SPEC REPOS:
  trunk:
    - SensorsAnalyticsSDK

EXTERNAL SOURCES:
  Flutter:
    :path: Flutter
  sensors_analytics_flutter_plugin:
    :path: ".symlinks/plugins/sensors_analytics_flutter_plugin/ios"

SPEC CHECKSUMS:
  Flutter: 50d75fe2f02b26cc09d224853bb45737f8b3214a
  sensors_analytics_flutter_plugin: 3c172b37f8b6883c8ed3cb08ae19a49b84810faf
  SensorsAnalyticsSDK: 159263992e8bf2e61b18fff55939db826050764c

PODFILE CHECKSUM: 3aaee2e660a2a825e7c3beecb0e4a334b934f851

COCOAPODS: 1.11.2
